<?xml version="1.0" encoding="utf-8"?>
<Project ToolsVersion="4.0" xmlns="http://schemas.microsoft.com/developer/msbuild/2003">
  <ItemGroup>
    <Filter Include="Mathematics">
      <UniqueIdentifier>{923f18f7-829d-41db-b936-4976ea09e806}</UniqueIdentifier>
    </Filter>
    <Filter Include="Miscellaneous">
      <UniqueIdentifier>{143abdfa-a6bc-4463-b380-e893eee50c80}</UniqueIdentifier>
    </Filter>
    <Filter Include="Core">
      <UniqueIdentifier>{462a8dfe-c45a-4c37-8947-0b0054dbe95b}</UniqueIdentifier>
    </Filter>
    <Filter Include="Rendering">
      <UniqueIdentifier>{4ac54554-392b-4cd2-b513-1616b7bda3b5}</UniqueIdentifier>
    </Filter>
    <Filter Include="Rendering\Buffers">
      <UniqueIdentifier>{3fd1619d-263d-444b-b41a-dba53a1f0ad9}</UniqueIdentifier>
    </Filter>
    <Filter Include="Rendering\Miscellaneous">
      <UniqueIdentifier>{69d889b6-fc9b-4338-be6b-3455a00fa1e7}</UniqueIdentifier>
    </Filter>
    <Filter Include="Rendering\Drawables">
      <UniqueIdentifier>{9deda8ac-8900-4e40-a01a-dc8fd6f195fd}</UniqueIdentifier>
    </Filter>
    <Filter Include="Input Handling">
      <UniqueIdentifier>{c5890f2d-1d8e-4bc7-8ac3-06aeac7aa5d0}</UniqueIdentifier>
    </Filter>
    <Filter Include="GUI Management">
      <UniqueIdentifier>{57b1f732-334c-45ad-ae40-202d814f1dcd}</UniqueIdentifier>
    </Filter>
    <Filter Include="Image Loading">
      <UniqueIdentifier>{d8a8b087-92a6-447b-90c4-b533881ae17b}</UniqueIdentifier>
    </Filter>
    <Filter Include="Icon">
      <UniqueIdentifier>{c267fea5-b2a7-4d34-8e10-1b9572c05552}</UniqueIdentifier>
    </Filter>
    <Filter Include="Audio Managment">
      <UniqueIdentifier>{b222a278-75c3-45fb-a266-b1c3efce3a00}</UniqueIdentifier>
    </Filter>
    <Filter Include="Audio Generation">
      <UniqueIdentifier>{5ebd9f1d-65da-4378-bb52-ffd40d3d3575}</UniqueIdentifier>
    </Filter>
    <Filter Include="Editors">
      <UniqueIdentifier>{92d6096f-c114-491e-ada4-85d61681d3d4}</UniqueIdentifier>
    </Filter>
    <Filter Include="Rendering\Renderers">
      <UniqueIdentifier>{1e83d2b2-944d-4ddd-9316-cc1285ddc20a}</UniqueIdentifier>
    </Filter>
  </ItemGroup>
  <ItemGroup>
    <ClCompile Include="..\src\main.cpp">
      <Filter>Core</Filter>
    </ClCompile>
    <ClCompile Include="..\src\engine_orchestrator.cpp">
      <Filter>Core</Filter>
    </ClCompile>
    <ClCompile Include="..\src\timer.cpp">
      <Filter>Miscellaneous</Filter>
    </ClCompile>
    <ClCompile Include="..\src\tools.cpp">
      <Filter>Miscellaneous</Filter>
    </ClCompile>
    <ClCompile Include="..\src\render_window.cpp">
      <Filter>Rendering\Miscellaneous</Filter>
    </ClCompile>
    <ClCompile Include="..\src\shader_buffer.cpp">
      <Filter>Rendering\Buffers</Filter>
    </ClCompile>
    <ClCompile Include="..\src\vertex_buffer.cpp">
      <Filter>Rendering\Buffers</Filter>
    </ClCompile>
    <ClCompile Include="..\src\input_handler.cpp">
      <Filter>Input Handling</Filter>
    </ClCompile>
    <ClCompile Include="..\src\text.cpp">
      <Filter>Rendering\Drawables</Filter>
    </ClCompile>
    <ClCompile Include="..\src\quad.cpp">
      <Filter>Rendering\Drawables</Filter>
    </ClCompile>
    <ClCompile Include="..\src\texture_buffer.cpp">
      <Filter>Rendering\Buffers</Filter>
    </ClCompile>
    <ClCompile Include="..\src\dvec2.cpp">
      <Filter>Mathematics</Filter>
    </ClCompile>
    <ClCompile Include="..\src\dvec3.cpp">
      <Filter>Mathematics</Filter>
    </ClCompile>
    <ClCompile Include="..\src\ivec2.cpp">
      <Filter>Mathematics</Filter>
    </ClCompile>
    <ClCompile Include="..\src\dmat33.cpp">
      <Filter>Mathematics</Filter>
    </ClCompile>
    <ClCompile Include="..\src\mathematics.cpp">
      <Filter>Mathematics</Filter>
    </ClCompile>
    <ClCompile Include="..\src\gui_manager.cpp">
      <Filter>GUI Management</Filter>
    </ClCompile>
    <ClCompile Include="..\src\image.cpp">
      <Filter>Image Loading</Filter>
    </ClCompile>
    <ClCompile Include="..\src\image_loader.cpp">
      <Filter>Image Loading</Filter>
    </ClCompile>
    <ClCompile Include="..\src\gui_button.cpp">
      <Filter>GUI Management</Filter>
    </ClCompile>
    <ClCompile Include="..\src\gui_controller.cpp">
      <Filter>GUI Management</Filter>
    </ClCompile>
    <ClCompile Include="..\src\audio_player.cpp">
      <Filter>Audio Managment</Filter>
    </ClCompile>
    <ClCompile Include="..\src\audio.cpp">
      <Filter>Audio Managment</Filter>
    </ClCompile>
    <ClCompile Include="..\src\waveform_generator.cpp">
      <Filter>Audio Generation</Filter>
    </ClCompile>
    <ClCompile Include="..\src\audio_manager.cpp">
      <Filter>Audio Managment</Filter>
    </ClCompile>
    <ClCompile Include="..\src\gui_rectangle.cpp">
      <Filter>GUI Management</Filter>
    </ClCompile>
    <ClCompile Include="..\src\gui_label.cpp">
      <Filter>GUI Management</Filter>
    </ClCompile>
    <ClCompile Include="..\src\waveform_menu.cpp">
      <Filter>Editors</Filter>
    </ClCompile>
    <ClCompile Include="..\src\base_renderer.cpp">
      <Filter>Rendering\Renderers</Filter>
    </ClCompile>
    <ClCompile Include="..\src\line_renderer.cpp">
      <Filter>Rendering\Renderers</Filter>
    </ClCompile>
    <ClCompile Include="..\src\quad_renderer.cpp">
      <Filter>Rendering\Renderers</Filter>
    </ClCompile>
    <ClCompile Include="..\src\line.cpp">
      <Filter>Rendering\Drawables</Filter>
    </ClCompile>
  </ItemGroup>
  <ItemGroup>
    <ClInclude Include="..\src\engine_orchestrator.hpp">
      <Filter>Core</Filter>
    </ClInclude>
    <ClInclude Include="..\src\clock.hpp">
      <Filter>Miscellaneous</Filter>
    </ClInclude>
    <ClInclude Include="..\src\timer.hpp">
      <Filter>Miscellaneous</Filter>
    </ClInclude>
    <ClInclude Include="..\src\tools.hpp">
      <Filter>Miscellaneous</Filter>
    </ClInclude>
    <ClInclude Include="..\src\cursor_type.hpp">
      <Filter>Miscellaneous</Filter>
    </ClInclude>
    <ClInclude Include="..\src\render_window.hpp">
      <Filter>Rendering\Miscellaneous</Filter>
    </ClInclude>
    <ClInclude Include="..\src\shader_buffer.hpp">
      <Filter>Rendering\Buffers</Filter>
    </ClInclude>
    <ClInclude Include="..\src\vertex_buffer.hpp">
      <Filter>Rendering\Buffers</Filter>
    </ClInclude>
    <ClInclude Include="..\src\input_handler.hpp">
      <Filter>Input Handling</Filter>
    </ClInclude>
    <ClInclude Include="..\src\text.hpp">
      <Filter>Rendering\Drawables</Filter>
    </ClInclude>
    <ClInclude Include="..\src\quad.hpp">
      <Filter>Rendering\Drawables</Filter>
    </ClInclude>
    <ClInclude Include="..\src\texture_buffer.hpp">
      <Filter>Rendering\Buffers</Filter>
    </ClInclude>
    <ClInclude Include="..\src\dvec2.hpp">
      <Filter>Mathematics</Filter>
    </ClInclude>
    <ClInclude Include="..\src\dvec3.hpp">
      <Filter>Mathematics</Filter>
    </ClInclude>
    <ClInclude Include="..\src\ivec2.hpp">
      <Filter>Mathematics</Filter>
    </ClInclude>
    <ClInclude Include="..\src\dmat33.hpp">
      <Filter>Mathematics</Filter>
    </ClInclude>
    <ClInclude Include="..\src\mathematics.hpp">
      <Filter>Mathematics</Filter>
    </ClInclude>
    <ClInclude Include="..\src\gui_manager.hpp">
      <Filter>GUI Management</Filter>
    </ClInclude>
    <ClInclude Include="..\src\image.hpp">
      <Filter>Image Loading</Filter>
    </ClInclude>
    <ClInclude Include="..\src\image_loader.hpp">
      <Filter>Image Loading</Filter>
    </ClInclude>
    <ClInclude Include="..\src\gui_button.hpp">
      <Filter>GUI Management</Filter>
    </ClInclude>
    <ClInclude Include="..\src\gui_controller.hpp">
      <Filter>GUI Management</Filter>
    </ClInclude>
    <ClInclude Include="..\src\audio_player.hpp">
      <Filter>Audio Managment</Filter>
    </ClInclude>
    <ClInclude Include="..\src\audio.hpp">
      <Filter>Audio Managment</Filter>
    </ClInclude>
    <ClInclude Include="..\src\waveform_generator.hpp">
      <Filter>Audio Generation</Filter>
    </ClInclude>
    <ClInclude Include="..\src\waveform_type.hpp">
      <Filter>Audio Generation</Filter>
    </ClInclude>
    <ClInclude Include="..\src\audio_manager.hpp">
      <Filter>Audio Managment</Filter>
    </ClInclude>
    <ClInclude Include="..\src\audio_constants.hpp">
      <Filter>Audio Managment</Filter>
    </ClInclude>
    <ClInclude Include="..\src\gui_rectangle.hpp">
      <Filter>GUI Management</Filter>
    </ClInclude>
    <ClInclude Include="..\src\gui_label.hpp">
      <Filter>GUI Management</Filter>
    </ClInclude>
    <ClInclude Include="..\src\waveform_menu.hpp">
      <Filter>Editors</Filter>
    </ClInclude>
    <ClInclude Include="..\src\base_renderer.hpp">
      <Filter>Rendering\Renderers</Filter>
    </ClInclude>
    <ClInclude Include="..\src\line_renderer.hpp">
      <Filter>Rendering\Renderers</Filter>
    </ClInclude>
    <ClInclude Include="..\src\quad_renderer.hpp">
      <Filter>Rendering\Renderers</Filter>
    </ClInclude>
    <ClInclude Include="..\src\line.hpp">
      <Filter>Rendering\Drawables</Filter>
    </ClInclude>
  </ItemGroup>
  <ItemGroup>
    <ResourceCompile Include="ico\WaveEngine.rc">
      <Filter>Icon</Filter>
    </ResourceCompile>
  </ItemGroup>
  <ItemGroup>
    <Image Include="ico\logo.ico">
      <Filter>Icon</Filter>
    </Image>
  </ItemGroup>
</Project>